{
    "_readme": [
        "This file locks the dependencies of your project to a known state",
        "Read more about it at https://getcomposer.org/doc/01-basic-usage.md#installing-dependencies",
        "This file is @generated automatically"
    ],
    "content-hash": "b3ba5507894e84e3e06e0a3535b0b01d",
    "packages": [
        {
            "name": "devinci/database-core",
            "version": "dev-main",
            "dist": {
                "type": "path",
                "url": "./src/database-core",
                "reference": "29e61525534eb21aa586d304abf9e1bfcbd6782e"
            },
            "type": "library",
            "autoload": {
                "psr-4": {
                    "Devinci\\DatabaseCore\\": "",
                    "Devinci\\DatabaseCore\\Database\\": "Database"
                }
            },
            "description": "Database-core Library",
            "transport-options": {
                "relative": true
            }
        },
        {
            "name": "devinci/dev-core",
            "version": "dev-main",
            "dist": {
                "type": "path",
                "url": "./src/dev-core",
                "reference": "1217600cc8e4cdb5f4e6cfd8d2695e31d644d761"
            },
            "type": "library",
            "extra": {
                "devinci-script-params": {
                    "vendorName": "devinci",
                    "baseLibraryPath": "__DIR__ . '/../../src'",
                    "composerJsonPath": "__DIR__ . '/../../composer.json'"
                }
            },
            "autoload": {
                "psr-4": {
                    "Devinci\\DevCore\\ComposerUtils\\": "ComposerUtils",
                    "Devinci\\DevCore\\Config\\": "Config",
                    "Devinci\\DevCore\\": ""
                }
            },
            "description": "Dev Core Library",
            "transport-options": {
                "relative": true
            }
        },
        {
            "name": "devinci/form-core",
            "version": "dev-main",
            "dist": {
                "type": "path",
                "url": "./src/form-core",
                "reference": "899abdefd4d1035b1933dc962803ee7bdb2a2487"
            },
            "type": "library",
            "autoload": {
                "psr-4": {
                    "Devinci\\FormCore\\FormBuilder\\": "FormBuilder/",
                    "Devinci\\FormCore\\FormManager\\": "FormManager/",
                    "Devinci\\FormCore\\FormProcessor\\": "FormProcessor/"
                }
            },
            "description": "Form Core Library",
            "transport-options": {
                "relative": true
            }
        },
        {
            "name": "devinci/ui-core",
            "version": "dev-main",
            "dist": {
                "type": "path",
                "url": "./src/ui-core",
                "reference": "df1072a751e37bd7b57aa30f99d14eabffe14ec4"
            },
            "type": "library",
            "autoload": {
                "psr-4": {
                    "Devinci\\UICore\\ActionMenu\\": "ActionMenu/",
                    "Devinci\\UICore\\ImageInput\\": "ImageInput/",
                    "Devinci\\UICore\\Input\\": "Input/",
                    "Devinci\\UICore\\InputIcon\\": "InputIcon/",
                    "Devinci\\UICore\\SectionHeader\\": "SectionHeader/",
                    "Devinci\\UICore\\SideBar\\": "SideBar/",
                    "Devinci\\UICore\\StaticAssets\\": "static/",
                    "Devinci\\UICore\\": ""
                }
            },
            "description": "UI Core Library",
            "transport-options": {
                "relative": true
            }
        },
        {
            "name": "devinci/utilities",
            "version": "dev-main",
            "dist": {
                "type": "path",
                "url": "./src/utilities",
                "reference": "b1a8e56912cb12bd00509131c82bb94eaf49b69c"
            },
            "type": "library",
            "autoload": {
                "psr-4": {
                    "Devinci\\Utilities\\": "",
                    "Devinci\\Utilities\\Logger\\": "Logger"
                }
            },
            "description": "Utilities Library",
            "transport-options": {
                "relative": true
            }
        }
    ],
    "packages-dev": [],
    "aliases": [],
    "minimum-stability": "stable",
    "stability-flags": {
        "devinci/form-core": 20,
        "devinci/ui-core": 20,
        "devinci/dev-core": 20,
        "devinci/utilities": 20,
        "devinci/database-core": 20
    },
    "prefer-stable": false,
    "prefer-lowest": false,
    "platform": [],
    "platform-dev": [],
    "plugin-api-version": "2.6.0"
}
